{"1.2.0",
[{<<"emarkdown">>,{pkg,<<"emarkdown">>,<<"0.1.0">>},1},
 {<<"sheldon">>,{pkg,<<"sheldon">>,<<"0.2.0">>},0},
 {<<"worker_pool">>,{pkg,<<"worker_pool">>,<<"4.0.0">>},1}]}.
[
{pkg_hash,[
 {<<"emarkdown">>, <<"F1310FB8EE1A488CB2E16AA4E13CB34A7B68B310222CC47BB817B52242D7337C">>},
 {<<"sheldon">>, <<"CB9A838ED0D2DF141786A03D48499E9E859A98B5CC1A5E311AC31F24B70477C5">>},
 {<<"worker_pool">>, <<"CD94D94D3B1A2442E54DB001B0B3BA0BD1F9D8098F4253F57228C021524BB55B">>}]},
{pkg_hash_ext,[
 {<<"emarkdown">>, <<"260E4170C0FAD7532B5651486C1FF4291E3069CF6D862393106CF3E2B2F3EFCE">>},
 {<<"sheldon">>, <<"0A979C156CAE5E6FE35A05E7B1C9193D6D739C84B5957E7E9B3BE5B83521AF9B">>},
 {<<"worker_pool">>, <<"8ACC1D869E27197BC847AE3A1701392933016A49F0A23D6C41F14F4CF0E13AC7">>}]}
].
