{"1.2.0",
[{<<"emarkdown">>,{pkg,<<"emarkdown">>,<<"0.1.0">>},1},
 {<<"sheldon">>,{pkg,<<"sheldon">>,<<"0.3.0">>},0},
 {<<"worker_pool">>,{pkg,<<"worker_pool">>,<<"5.0.0">>},1}]}.
[
{pkg_hash,[
 {<<"emarkdown">>, <<"F1310FB8EE1A488CB2E16AA4E13CB34A7B68B310222CC47BB817B52242D7337C">>},
 {<<"sheldon">>, <<"F5F9F81D10636237F24973EC877EA007737CD54BD687880DF871EFE14791D06E">>},
 {<<"worker_pool">>, <<"B4B867BDF7E4D6451ED82C47BD72E53C24C04518C0AB821FDC6D28BA0F8EEDE2">>}]},
{pkg_hash_ext,[
 {<<"emarkdown">>, <<"260E4170C0FAD7532B5651486C1FF4291E3069CF6D862393106CF3E2B2F3EFCE">>},
 {<<"sheldon">>, <<"BD3E45728CFA9B55F919DE13BB813D28768C79E3F2F5C3854B36ADB74B8B1A59">>},
 {<<"worker_pool">>, <<"1F9EBE0650BD4B2C4BD34A5BF59D29DEA37BF80C6C22AB4BE2BD02C6BA264BB6">>}]}
].
