{"1.2.0",
[{<<"sheldon">>,{pkg,<<"sheldon">>,<<"0.4.1">>},0},
 {<<"worker_pool">>,{pkg,<<"worker_pool">>,<<"5.1.0">>},1}]}.
[
{pkg_hash,[
 {<<"sheldon">>, <<"1413143F9D96D30C6A18DD6746B5183F048B23AC345FF3BB92B399A5A69EBE93">>},
 {<<"worker_pool">>, <<"61BA970F856AF8B2D85232ADC8E4B990FA1719F396FCDAD954702946395ADD80">>}]},
{pkg_hash_ext,[
 {<<"sheldon">>, <<"15E24EDDCDB42FE07AA7913DA770DBCE4EE052A37AA76E467748D4C977F463C9">>},
 {<<"worker_pool">>, <<"59A975728E5C2B69A23D1C5EBC3B63251EC4ACBF4E9D25F1C619E3AD4B550813">>}]}
].
